// !$*UTF8*$!
{
	archiveVersion = 1;
	classes = {
	};
	objectVersion = 46;
	objects = {

/* Begin PBXBuildFile section */
		61F2CD0B49B5088AB890ABD7 /* libPods.a in Frameworks */ = {isa = PBXBuildFile; fileRef = 2A2105DE72E6A02030ECF9AE /* libPods.a */; };
		A2E255A71CA50DB20083E26B /* Main.storyboard in Resources */ = {isa = PBXBuildFile; fileRef = A2E255A51CA50DB20083E26B /* Main.storyboard */; };
		A2E255A91CA50DB20083E26B /* Assets.xcassets in Resources */ = {isa = PBXBuildFile; fileRef = A2E255A81CA50DB20083E26B /* Assets.xcassets */; };
		A2E255AC1CA50DB20083E26B /* LaunchScreen.storyboard in Resources */ = {isa = PBXBuildFile; fileRef = A2E255AA1CA50DB20083E26B /* LaunchScreen.storyboard */; };
		A2E255B71CA50DB20083E26B /* TestTests.m in Sources */ = {isa = PBXBuildFile; fileRef = A2E255B61CA50DB20083E26B /* TestTests.m */; };
		A2E255C21CA50DB20083E26B /* TestUITests.m in Sources */ = {isa = PBXBuildFile; fileRef = A2E255C11CA50DB20083E26B /* TestUITests.m */; };
		A2E256421CA5166D0083E26B /* KAFN.m in Sources */ = {isa = PBXBuildFile; fileRef = A2E256101CA5166D0083E26B /* KAFN.m */; };
		A2E256431CA5166D0083E26B /* KeyCenter.m in Sources */ = {isa = PBXBuildFile; fileRef = A2E256121CA5166D0083E26B /* KeyCenter.m */; };
		A2E256441CA5166D0083E26B /* KString.m in Sources */ = {isa = PBXBuildFile; fileRef = A2E256141CA5166D0083E26B /* KString.m */; };
		A2E256451CA5166D0083E26B /* NSString+MD5.m in Sources */ = {isa = PBXBuildFile; fileRef = A2E256161CA5166D0083E26B /* NSString+MD5.m */; };
		A2E256461CA5166D0083E26B /* UIScreen+Extension.m in Sources */ = {isa = PBXBuildFile; fileRef = A2E256181CA5166D0083E26B /* UIScreen+Extension.m */; };
		A2E256471CA5166D0083E26B /* UIView+Extension.m in Sources */ = {isa = PBXBuildFile; fileRef = A2E2561A1CA5166D0083E26B /* UIView+Extension.m */; };
		A2E256481CA5166D0083E26B /* NavigationController.m in Sources */ = {isa = PBXBuildFile; fileRef = A2E2561D1CA5166D0083E26B /* NavigationController.m */; };
		A2E256491CA5166D0083E26B /* AppDelegate.m in Sources */ = {isa = PBXBuildFile; fileRef = A2E256221CA5166D0083E26B /* AppDelegate.m */; };
		A2E2564A1CA5166D0083E26B /* main.m in Sources */ = {isa = PBXBuildFile; fileRef = A2E256231CA5166D0083E26B /* main.m */; };
		A2E2564B1CA5166D0083E26B /* QRScanViewController.m in Sources */ = {isa = PBXBuildFile; fileRef = A2E256281CA5166D0083E26B /* QRScanViewController.m */; };
		A2E2564C1CA5166D0083E26B /* QRView.m in Sources */ = {isa = PBXBuildFile; fileRef = A2E2562B1CA5166D0083E26B /* QRView.m */; };
		A2E2564D1CA5166D0083E26B /* RefreshViewController.m in Sources */ = {isa = PBXBuildFile; fileRef = A2E2562E1CA5166D0083E26B /* RefreshViewController.m */; };
		A2E2564E1CA5166D0083E26B /* NSData+Base64.m in Sources */ = {isa = PBXBuildFile; fileRef = A2E256321CA5166D0083E26B /* NSData+Base64.m */; };
		A2E2564F1CA5166D0083E26B /* NSString+Base64.m in Sources */ = {isa = PBXBuildFile; fileRef = A2E256341CA5166D0083E26B /* NSString+Base64.m */; };
		A2E256501CA5166D0083E26B /* OpenSSLRSAWrapper.m in Sources */ = {isa = PBXBuildFile; fileRef = A2E256371CA5166D0083E26B /* OpenSSLRSAWrapper.m */; };
		A2E256511CA5166D0083E26B /* CreateKey.m in Sources */ = {isa = PBXBuildFile; fileRef = A2E2563A1CA5166D0083E26B /* CreateKey.m */; };
		A2E256521CA5166D0083E26B /* LoginConfirmViewController.m in Sources */ = {isa = PBXBuildFile; fileRef = A2E2563D1CA5166D0083E26B /* LoginConfirmViewController.m */; };
		A2E256531CA5166D0083E26B /* RSAViewController.m in Sources */ = {isa = PBXBuildFile; fileRef = A2E2563F1CA5166D0083E26B /* RSAViewController.m */; };
		A2E256541CA5166D0083E26B /* TextViewController.m in Sources */ = {isa = PBXBuildFile; fileRef = A2E256411CA5166D0083E26B /* TextViewController.m */; };
/* End PBXBuildFile section */

/* Begin PBXContainerItemProxy section */
		A2E255B31CA50DB20083E26B /* PBXContainerItemProxy */ = {
			isa = PBXContainerItemProxy;
			containerPortal = A2E255911CA50DB20083E26B /* Project object */;
			proxyType = 1;
			remoteGlobalIDString = A2E255981CA50DB20083E26B;
			remoteInfo = Test;
		};
		A2E255BE1CA50DB20083E26B /* PBXContainerItemProxy */ = {
			isa = PBXContainerItemProxy;
			containerPortal = A2E255911CA50DB20083E26B /* Project object */;
			proxyType = 1;
			remoteGlobalIDString = A2E255981CA50DB20083E26B;
			remoteInfo = Test;
		};
/* End PBXContainerItemProxy section */

/* Begin PBXFileReference section */
		2A2105DE72E6A02030ECF9AE /* libPods.a */ = {isa = PBXFileReference; explicitFileType = archive.ar; includeInIndex = 0; path = libPods.a; sourceTree = BUILT_PRODUCTS_DIR; };
		3A45633158C04A654D4DCCC1 /* Pods.release.xcconfig */ = {isa = PBXFileReference; includeInIndex = 1; lastKnownFileType = text.xcconfig; name = Pods.release.xcconfig; path = "Pods/Target Support Files/Pods/Pods.release.xcconfig"; sourceTree = "<group>"; };
		A2E255991CA50DB20083E26B /* Test.app */ = {isa = PBXFileReference; explicitFileType = wrapper.application; includeInIndex = 0; path = Test.app; sourceTree = BUILT_PRODUCTS_DIR; };
		A2E255A61CA50DB20083E26B /* Base */ = {isa = PBXFileReference; lastKnownFileType = file.storyboard; name = Base; path = Base.lproj/Main.storyboard; sourceTree = "<group>"; };
		A2E255A81CA50DB20083E26B /* Assets.xcassets */ = {isa = PBXFileReference; lastKnownFileType = folder.assetcatalog; path = Assets.xcassets; sourceTree = "<group>"; };
		A2E255AB1CA50DB20083E26B /* Base */ = {isa = PBXFileReference; lastKnownFileType = file.storyboard; name = Base; path = Base.lproj/LaunchScreen.storyboard; sourceTree = "<group>"; };
		A2E255AD1CA50DB20083E26B /* Info.plist */ = {isa = PBXFileReference; lastKnownFileType = text.plist.xml; path = Info.plist; sourceTree = "<group>"; };
		A2E255B21CA50DB20083E26B /* TestTests.xctest */ = {isa = PBXFileReference; explicitFileType = wrapper.cfbundle; includeInIndex = 0; path = TestTests.xctest; sourceTree = BUILT_PRODUCTS_DIR; };
		A2E255B61CA50DB20083E26B /* TestTests.m */ = {isa = PBXFileReference; lastKnownFileType = sourcecode.c.objc; path = TestTests.m; sourceTree = "<group>"; };
		A2E255B81CA50DB20083E26B /* Info.plist */ = {isa = PBXFileReference; lastKnownFileType = text.plist.xml; path = Info.plist; sourceTree = "<group>"; };
		A2E255BD1CA50DB20083E26B /* TestUITests.xctest */ = {isa = PBXFileReference; explicitFileType = wrapper.cfbundle; includeInIndex = 0; path = TestUITests.xctest; sourceTree = BUILT_PRODUCTS_DIR; };
		A2E255C11CA50DB20083E26B /* TestUITests.m */ = {isa = PBXFileReference; lastKnownFileType = sourcecode.c.objc; path = TestUITests.m; sourceTree = "<group>"; };
		A2E255C31CA50DB20083E26B /* Info.plist */ = {isa = PBXFileReference; lastKnownFileType = text.plist.xml; path = Info.plist; sourceTree = "<group>"; };
		A2E2560F1CA5166D0083E26B /* KAFN.h */ = {isa = PBXFileReference; fileEncoding = 4; lastKnownFileType = sourcecode.c.h; path = KAFN.h; sourceTree = "<group>"; };
		A2E256101CA5166D0083E26B /* KAFN.m */ = {isa = PBXFileReference; fileEncoding = 4; lastKnownFileType = sourcecode.c.objc; path = KAFN.m; sourceTree = "<group>"; };
		A2E256111CA5166D0083E26B /* KeyCenter.h */ = {isa = PBXFileReference; fileEncoding = 4; lastKnownFileType = sourcecode.c.h; path = KeyCenter.h; sourceTree = "<group>"; };
		A2E256121CA5166D0083E26B /* KeyCenter.m */ = {isa = PBXFileReference; fileEncoding = 4; lastKnownFileType = sourcecode.c.objc; path = KeyCenter.m; sourceTree = "<group>"; };
		A2E256131CA5166D0083E26B /* KString.h */ = {isa = PBXFileReference; fileEncoding = 4; lastKnownFileType = sourcecode.c.h; path = KString.h; sourceTree = "<group>"; };
		A2E256141CA5166D0083E26B /* KString.m */ = {isa = PBXFileReference; fileEncoding = 4; lastKnownFileType = sourcecode.c.objc; path = KString.m; sourceTree = "<group>"; };
		A2E256151CA5166D0083E26B /* NSString+MD5.h */ = {isa = PBXFileReference; fileEncoding = 4; lastKnownFileType = sourcecode.c.h; path = "NSString+MD5.h"; sourceTree = "<group>"; };
		A2E256161CA5166D0083E26B /* NSString+MD5.m */ = {isa = PBXFileReference; fileEncoding = 4; lastKnownFileType = sourcecode.c.objc; path = "NSString+MD5.m"; sourceTree = "<group>"; };
		A2E256171CA5166D0083E26B /* UIScreen+Extension.h */ = {isa = PBXFileReference; fileEncoding = 4; lastKnownFileType = sourcecode.c.h; path = "UIScreen+Extension.h"; sourceTree = "<group>"; };
		A2E256181CA5166D0083E26B /* UIScreen+Extension.m */ = {isa = PBXFileReference; fileEncoding = 4; lastKnownFileType = sourcecode.c.objc; path = "UIScreen+Extension.m"; sourceTree = "<group>"; };
		A2E256191CA5166D0083E26B /* UIView+Extension.h */ = {isa = PBXFileReference; fileEncoding = 4; lastKnownFileType = sourcecode.c.h; path = "UIView+Extension.h"; sourceTree = "<group>"; };
		A2E2561A1CA5166D0083E26B /* UIView+Extension.m */ = {isa = PBXFileReference; fileEncoding = 4; lastKnownFileType = sourcecode.c.objc; path = "UIView+Extension.m"; sourceTree = "<group>"; };
		A2E2561C1CA5166D0083E26B /* NavigationController.h */ = {isa = PBXFileReference; fileEncoding = 4; lastKnownFileType = sourcecode.c.h; path = NavigationController.h; sourceTree = "<group>"; };
		A2E2561D1CA5166D0083E26B /* NavigationController.m */ = {isa = PBXFileReference; fileEncoding = 4; lastKnownFileType = sourcecode.c.objc; path = NavigationController.m; sourceTree = "<group>"; };
		A2E256211CA5166D0083E26B /* AppDelegate.h */ = {isa = PBXFileReference; fileEncoding = 4; lastKnownFileType = sourcecode.c.h; name = AppDelegate.h; path = "Classes/Main(主要)/Other/AppDelegate.h"; sourceTree = "<group>"; };
		A2E256221CA5166D0083E26B /* AppDelegate.m */ = {isa = PBXFileReference; fileEncoding = 4; lastKnownFileType = sourcecode.c.objc; name = AppDelegate.m; path = "Classes/Main(主要)/Other/AppDelegate.m"; sourceTree = "<group>"; };
		A2E256231CA5166D0083E26B /* main.m */ = {isa = PBXFileReference; fileEncoding = 4; lastKnownFileType = sourcecode.c.objc; path = main.m; sourceTree = "<group>"; };
		A2E256271CA5166D0083E26B /* QRScanViewController.h */ = {isa = PBXFileReference; fileEncoding = 4; lastKnownFileType = sourcecode.c.h; path = QRScanViewController.h; sourceTree = "<group>"; };
		A2E256281CA5166D0083E26B /* QRScanViewController.m */ = {isa = PBXFileReference; fileEncoding = 4; lastKnownFileType = sourcecode.c.objc; path = QRScanViewController.m; sourceTree = "<group>"; };
		A2E2562A1CA5166D0083E26B /* QRView.h */ = {isa = PBXFileReference; fileEncoding = 4; lastKnownFileType = sourcecode.c.h; path = QRView.h; sourceTree = "<group>"; };
		A2E2562B1CA5166D0083E26B /* QRView.m */ = {isa = PBXFileReference; fileEncoding = 4; lastKnownFileType = sourcecode.c.objc; path = QRView.m; sourceTree = "<group>"; };
		A2E2562D1CA5166D0083E26B /* RefreshViewController.h */ = {isa = PBXFileReference; fileEncoding = 4; lastKnownFileType = sourcecode.c.h; path = RefreshViewController.h; sourceTree = "<group>"; };
		A2E2562E1CA5166D0083E26B /* RefreshViewController.m */ = {isa = PBXFileReference; fileEncoding = 4; lastKnownFileType = sourcecode.c.objc; path = RefreshViewController.m; sourceTree = "<group>"; };
		A2E256311CA5166D0083E26B /* NSData+Base64.h */ = {isa = PBXFileReference; fileEncoding = 4; lastKnownFileType = sourcecode.c.h; path = "NSData+Base64.h"; sourceTree = "<group>"; };
		A2E256321CA5166D0083E26B /* NSData+Base64.m */ = {isa = PBXFileReference; fileEncoding = 4; lastKnownFileType = sourcecode.c.objc; path = "NSData+Base64.m"; sourceTree = "<group>"; };
		A2E256331CA5166D0083E26B /* NSString+Base64.h */ = {isa = PBXFileReference; fileEncoding = 4; lastKnownFileType = sourcecode.c.h; path = "NSString+Base64.h"; sourceTree = "<group>"; };
		A2E256341CA5166D0083E26B /* NSString+Base64.m */ = {isa = PBXFileReference; fileEncoding = 4; lastKnownFileType = sourcecode.c.objc; path = "NSString+Base64.m"; sourceTree = "<group>"; };
		A2E256361CA5166D0083E26B /* OpenSSLRSAWrapper.h */ = {isa = PBXFileReference; fileEncoding = 4; lastKnownFileType = sourcecode.c.h; path = OpenSSLRSAWrapper.h; sourceTree = "<group>"; };
		A2E256371CA5166D0083E26B /* OpenSSLRSAWrapper.m */ = {isa = PBXFileReference; fileEncoding = 4; lastKnownFileType = sourcecode.c.objc; path = OpenSSLRSAWrapper.m; sourceTree = "<group>"; };
		A2E256391CA5166D0083E26B /* CreateKey.h */ = {isa = PBXFileReference; fileEncoding = 4; lastKnownFileType = sourcecode.c.h; path = CreateKey.h; sourceTree = "<group>"; };
		A2E2563A1CA5166D0083E26B /* CreateKey.m */ = {isa = PBXFileReference; fileEncoding = 4; lastKnownFileType = sourcecode.c.objc; path = CreateKey.m; sourceTree = "<group>"; };
		A2E2563C1CA5166D0083E26B /* LoginConfirmViewController.h */ = {isa = PBXFileReference; fileEncoding = 4; lastKnownFileType = sourcecode.c.h; path = LoginConfirmViewController.h; sourceTree = "<group>"; };
		A2E2563D1CA5166D0083E26B /* LoginConfirmViewController.m */ = {isa = PBXFileReference; fileEncoding = 4; lastKnownFileType = sourcecode.c.objc; path = LoginConfirmViewController.m; sourceTree = "<group>"; };
		A2E2563E1CA5166D0083E26B /* RSAViewController.h */ = {isa = PBXFileReference; fileEncoding = 4; lastKnownFileType = sourcecode.c.h; path = RSAViewController.h; sourceTree = "<group>"; };
		A2E2563F1CA5166D0083E26B /* RSAViewController.m */ = {isa = PBXFileReference; fileEncoding = 4; lastKnownFileType = sourcecode.c.objc; path = RSAViewController.m; sourceTree = "<group>"; };
		A2E256401CA5166D0083E26B /* TextViewController.h */ = {isa = PBXFileReference; fileEncoding = 4; lastKnownFileType = sourcecode.c.h; path = TextViewController.h; sourceTree = "<group>"; };
		A2E256411CA5166D0083E26B /* TextViewController.m */ = {isa = PBXFileReference; fileEncoding = 4; lastKnownFileType = sourcecode.c.objc; path = TextViewController.m; sourceTree = "<group>"; };
		A2E256551CA516E60083E26B /* Test-Prefix.pch */ = {isa = PBXFileReference; lastKnownFileType = sourcecode.c.h; path = "Test-Prefix.pch"; sourceTree = "<group>"; };
		D51FC20D620604AA10DEC25A /* Pods.debug.xcconfig */ = {isa = PBXFileReference; includeInIndex = 1; lastKnownFileType = text.xcconfig; name = Pods.debug.xcconfig; path = "Pods/Target Support Files/Pods/Pods.debug.xcconfig"; sourceTree = "<group>"; };
/* End PBXFileReference section */

/* Begin PBXFrameworksBuildPhase section */
		A2E255961CA50DB20083E26B /* Frameworks */ = {
			isa = PBXFrameworksBuildPhase;
			buildActionMask = 2147483647;
			files = (
				61F2CD0B49B5088AB890ABD7 /* libPods.a in Frameworks */,
			);
			runOnlyForDeploymentPostprocessing = 0;
		};
		A2E255AF1CA50DB20083E26B /* Frameworks */ = {
			isa = PBXFrameworksBuildPhase;
			buildActionMask = 2147483647;
			files = (
			);
			runOnlyForDeploymentPostprocessing = 0;
		};
		A2E255BA1CA50DB20083E26B /* Frameworks */ = {
			isa = PBXFrameworksBuildPhase;
			buildActionMask = 2147483647;
			files = (
			);
			runOnlyForDeploymentPostprocessing = 0;
		};
/* End PBXFrameworksBuildPhase section */

/* Begin PBXGroup section */
		1A757E620A441BEFAF37BA88 /* Pods */ = {
			isa = PBXGroup;
			children = (
				D51FC20D620604AA10DEC25A /* Pods.debug.xcconfig */,
				3A45633158C04A654D4DCCC1 /* Pods.release.xcconfig */,
			);
			name = Pods;
			sourceTree = "<group>";
		};
		A2E255901CA50DB20083E26B = {
			isa = PBXGroup;
			children = (
				A2E2559B1CA50DB20083E26B /* Test */,
				A2E255B51CA50DB20083E26B /* TestTests */,
				A2E255C01CA50DB20083E26B /* TestUITests */,
				A2E2559A1CA50DB20083E26B /* Products */,
				1A757E620A441BEFAF37BA88 /* Pods */,
				CBFF76EB09BBCD0D76B75FBD /* Frameworks */,
			);
			sourceTree = "<group>";
		};
		A2E2559A1CA50DB20083E26B /* Products */ = {
			isa = PBXGroup;
			children = (
				A2E255991CA50DB20083E26B /* Test.app */,
				A2E255B21CA50DB20083E26B /* TestTests.xctest */,
				A2E255BD1CA50DB20083E26B /* TestUITests.xctest */,
			);
			name = Products;
			sourceTree = "<group>";
		};
		A2E2559B1CA50DB20083E26B /* Test */ = {
			isa = PBXGroup;
			children = (
				A2E256211CA5166D0083E26B /* AppDelegate.h */,
				A2E256221CA5166D0083E26B /* AppDelegate.m */,
				A2E2560C1CA5166D0083E26B /* Classes */,
				A2E2559C1CA50DB20083E26B /* Supporting Files */,
			);
			path = Test;
			sourceTree = "<group>";
		};
		A2E2559C1CA50DB20083E26B /* Supporting Files */ = {
			isa = PBXGroup;
			children = (
				A2E256551CA516E60083E26B /* Test-Prefix.pch */,
				A2E255AD1CA50DB20083E26B /* Info.plist */,
				A2E255A81CA50DB20083E26B /* Assets.xcassets */,
				A2E255A51CA50DB20083E26B /* Main.storyboard */,
				A2E255AA1CA50DB20083E26B /* LaunchScreen.storyboard */,
			);
			name = "Supporting Files";
			sourceTree = "<group>";
		};
		A2E255B51CA50DB20083E26B /* TestTests */ = {
			isa = PBXGroup;
			children = (
				A2E255B61CA50DB20083E26B /* TestTests.m */,
				A2E255B81CA50DB20083E26B /* Info.plist */,
			);
			path = TestTests;
			sourceTree = "<group>";
		};
		A2E255C01CA50DB20083E26B /* TestUITests */ = {
			isa = PBXGroup;
			children = (
				A2E255C11CA50DB20083E26B /* TestUITests.m */,
				A2E255C31CA50DB20083E26B /* Info.plist */,
			);
			path = TestUITests;
			sourceTree = "<group>";
		};
		A2E2560C1CA5166D0083E26B /* Classes */ = {
			isa = PBXGroup;
			children = (
				A2E2562C1CA5166D0083E26B /* Refresh(下拉刷新) */,
				A2E256251CA5166D0083E26B /* QRScanToLogin(扫描二维码登录) */,
				A2E2562F1CA5166D0083E26B /* RSA(加密) */,
				A2E2563B1CA5166D0083E26B /* Temp(临时) */,
				A2E2560D1CA5166D0083E26B /* Main(主要) */,
			);
			path = Classes;
			sourceTree = "<group>";
		};
		A2E2560D1CA5166D0083E26B /* Main(主要) */ = {
			isa = PBXGroup;
			children = (
				A2E2560E1CA5166D0083E26B /* Category */,
				A2E2561B1CA5166D0083E26B /* Controller */,
				A2E2561E1CA5166D0083E26B /* Lib */,
				A2E2561F1CA5166D0083E26B /* Model */,
				A2E256201CA5166D0083E26B /* Other */,
				A2E256241CA5166D0083E26B /* View */,
			);
			path = "Main(主要)";
			sourceTree = "<group>";
		};
		A2E2560E1CA5166D0083E26B /* Category */ = {
			isa = PBXGroup;
			children = (
				A2E2560F1CA5166D0083E26B /* KAFN.h */,
				A2E256101CA5166D0083E26B /* KAFN.m */,
				A2E256111CA5166D0083E26B /* KeyCenter.h */,
				A2E256121CA5166D0083E26B /* KeyCenter.m */,
				A2E256131CA5166D0083E26B /* KString.h */,
				A2E256141CA5166D0083E26B /* KString.m */,
				A2E256151CA5166D0083E26B /* NSString+MD5.h */,
				A2E256161CA5166D0083E26B /* NSString+MD5.m */,
				A2E256171CA5166D0083E26B /* UIScreen+Extension.h */,
				A2E256181CA5166D0083E26B /* UIScreen+Extension.m */,
				A2E256191CA5166D0083E26B /* UIView+Extension.h */,
				A2E2561A1CA5166D0083E26B /* UIView+Extension.m */,
			);
			path = Category;
			sourceTree = "<group>";
		};
		A2E2561B1CA5166D0083E26B /* Controller */ = {
			isa = PBXGroup;
			children = (
				A2E2561C1CA5166D0083E26B /* NavigationController.h */,
				A2E2561D1CA5166D0083E26B /* NavigationController.m */,
			);
			path = Controller;
			sourceTree = "<group>";
		};
		A2E2561E1CA5166D0083E26B /* Lib */ = {
			isa = PBXGroup;
			children = (
			);
			path = Lib;
			sourceTree = "<group>";
		};
		A2E2561F1CA5166D0083E26B /* Model */ = {
			isa = PBXGroup;
			children = (
			);
			path = Model;
			sourceTree = "<group>";
		};
		A2E256201CA5166D0083E26B /* Other */ = {
			isa = PBXGroup;
			children = (
				A2E256231CA5166D0083E26B /* main.m */,
			);
			path = Other;
			sourceTree = "<group>";
		};
		A2E256241CA5166D0083E26B /* View */ = {
			isa = PBXGroup;
			children = (
			);
			path = View;
			sourceTree = "<group>";
		};
		A2E256251CA5166D0083E26B /* QRScanToLogin(扫描二维码登录) */ = {
			isa = PBXGroup;
			children = (
				A2E256261CA5166D0083E26B /* Controller */,
				A2E256291CA5166D0083E26B /* View */,
			);
			path = "QRScanToLogin(扫描二维码登录)";
			sourceTree = "<group>";
		};
		A2E256261CA5166D0083E26B /* Controller */ = {
			isa = PBXGroup;
			children = (
				A2E256271CA5166D0083E26B /* QRScanViewController.h */,
				A2E256281CA5166D0083E26B /* QRScanViewController.m */,
			);
			path = Controller;
			sourceTree = "<group>";
		};
		A2E256291CA5166D0083E26B /* View */ = {
			isa = PBXGroup;
			children = (
				A2E2562A1CA5166D0083E26B /* QRView.h */,
				A2E2562B1CA5166D0083E26B /* QRView.m */,
			);
			path = View;
			sourceTree = "<group>";
		};
		A2E2562C1CA5166D0083E26B /* Refresh(下拉刷新) */ = {
			isa = PBXGroup;
			children = (
				A2E2562D1CA5166D0083E26B /* RefreshViewController.h */,
				A2E2562E1CA5166D0083E26B /* RefreshViewController.m */,
			);
			path = "Refresh(下拉刷新)";
			sourceTree = "<group>";
		};
		A2E2562F1CA5166D0083E26B /* RSA(加密) */ = {
			isa = PBXGroup;
			children = (
				A2E256301CA5166D0083E26B /* Base64 */,
				A2E256351CA5166D0083E26B /* OpenSSL */,
				A2E256381CA5166D0083E26B /* Util */,
			);
			path = "RSA(加密)";
			sourceTree = "<group>";
		};
		A2E256301CA5166D0083E26B /* Base64 */ = {
			isa = PBXGroup;
			children = (
				A2E256311CA5166D0083E26B /* NSData+Base64.h */,
				A2E256321CA5166D0083E26B /* NSData+Base64.m */,
				A2E256331CA5166D0083E26B /* NSString+Base64.h */,
				A2E256341CA5166D0083E26B /* NSString+Base64.m */,
			);
			path = Base64;
			sourceTree = "<group>";
		};
		A2E256351CA5166D0083E26B /* OpenSSL */ = {
			isa = PBXGroup;
			children = (
				A2E256361CA5166D0083E26B /* OpenSSLRSAWrapper.h */,
				A2E256371CA5166D0083E26B /* OpenSSLRSAWrapper.m */,
			);
			path = OpenSSL;
			sourceTree = "<group>";
		};
		A2E256381CA5166D0083E26B /* Util */ = {
			isa = PBXGroup;
			children = (
				A2E256391CA5166D0083E26B /* CreateKey.h */,
				A2E2563A1CA5166D0083E26B /* CreateKey.m */,
			);
			path = Util;
			sourceTree = "<group>";
		};
		A2E2563B1CA5166D0083E26B /* Temp(临时) */ = {
			isa = PBXGroup;
			children = (
				A2E2563C1CA5166D0083E26B /* LoginConfirmViewController.h */,
				A2E2563D1CA5166D0083E26B /* LoginConfirmViewController.m */,
				A2E2563E1CA5166D0083E26B /* RSAViewController.h */,
				A2E2563F1CA5166D0083E26B /* RSAViewController.m */,
				A2E256401CA5166D0083E26B /* TextViewController.h */,
				A2E256411CA5166D0083E26B /* TextViewController.m */,
			);
			path = "Temp(临时)";
			sourceTree = "<group>";
		};
		CBFF76EB09BBCD0D76B75FBD /* Frameworks */ = {
			isa = PBXGroup;
			children = (
				2A2105DE72E6A02030ECF9AE /* libPods.a */,
			);
			name = Frameworks;
			sourceTree = "<group>";
		};
/* End PBXGroup section */

/* Begin PBXNativeTarget section */
		A2E255981CA50DB20083E26B /* Test */ = {
			isa = PBXNativeTarget;
			buildConfigurationList = A2E255C61CA50DB20083E26B /* Build configuration list for PBXNativeTarget "Test" */;
			buildPhases = (
				CF0A4B6882F2E34C7BA667AD /* Check Pods Manifest.lock */,
				A2E255951CA50DB20083E26B /* Sources */,
				A2E255961CA50DB20083E26B /* Frameworks */,
				A2E255971CA50DB20083E26B /* Resources */,
				E681A899D6F65459C00FA8F1 /* Embed Pods Frameworks */,
				0976099D962900A4DEDC51F1 /* Copy Pods Resources */,
			);
			buildRules = (
			);
			dependencies = (
			);
			name = Test;
			productName = Test;
			productReference = A2E255991CA50DB20083E26B /* Test.app */;
			productType = "com.apple.product-type.application";
		};
		A2E255B11CA50DB20083E26B /* TestTests */ = {
			isa = PBXNativeTarget;
			buildConfigurationList = A2E255C91CA50DB20083E26B /* Build configuration list for PBXNativeTarget "TestTests" */;
			buildPhases = (
				A2E255AE1CA50DB20083E26B /* Sources */,
				A2E255AF1CA50DB20083E26B /* Frameworks */,
				A2E255B01CA50DB20083E26B /* Resources */,
			);
			buildRules = (
			);
			dependencies = (
				A2E255B41CA50DB20083E26B /* PBXTargetDependency */,
			);
			name = TestTests;
			productName = TestTests;
			productReference = A2E255B21CA50DB20083E26B /* TestTests.xctest */;
			productType = "com.apple.product-type.bundle.unit-test";
		};
		A2E255BC1CA50DB20083E26B /* TestUITests */ = {
			isa = PBXNativeTarget;
			buildConfigurationList = A2E255CC1CA50DB20083E26B /* Build configuration list for PBXNativeTarget "TestUITests" */;
			buildPhases = (
				A2E255B91CA50DB20083E26B /* Sources */,
				A2E255BA1CA50DB20083E26B /* Frameworks */,
				A2E255BB1CA50DB20083E26B /* Resources */,
			);
			buildRules = (
			);
			dependencies = (
				A2E255BF1CA50DB20083E26B /* PBXTargetDependency */,
			);
			name = TestUITests;
			productName = TestUITests;
			productReference = A2E255BD1CA50DB20083E26B /* TestUITests.xctest */;
			productType = "com.apple.product-type.bundle.ui-testing";
		};
/* End PBXNativeTarget section */

/* Begin PBXProject section */
		A2E255911CA50DB20083E26B /* Project object */ = {
			isa = PBXProject;
			attributes = {
				LastUpgradeCheck = 0730;
				ORGANIZATIONNAME = wk;
				TargetAttributes = {
					A2E255981CA50DB20083E26B = {
						CreatedOnToolsVersion = 7.3;
					};
					A2E255B11CA50DB20083E26B = {
						CreatedOnToolsVersion = 7.3;
						TestTargetID = A2E255981CA50DB20083E26B;
					};
					A2E255BC1CA50DB20083E26B = {
						CreatedOnToolsVersion = 7.3;
						TestTargetID = A2E255981CA50DB20083E26B;
					};
				};
			};
			buildConfigurationList = A2E255941CA50DB20083E26B /* Build configuration list for PBXProject "Test" */;
			compatibilityVersion = "Xcode 3.2";
			developmentRegion = English;
			hasScannedForEncodings = 0;
			knownRegions = (
				en,
				Base,
			);
			mainGroup = A2E255901CA50DB20083E26B;
			productRefGroup = A2E2559A1CA50DB20083E26B /* Products */;
			projectDirPath = "";
			projectRoot = "";
			targets = (
				A2E255981CA50DB20083E26B /* Test */,
				A2E255B11CA50DB20083E26B /* TestTests */,
				A2E255BC1CA50DB20083E26B /* TestUITests */,
			);
		};
/* End PBXProject section */

/* Begin PBXResourcesBuildPhase section */
		A2E255971CA50DB20083E26B /* Resources */ = {
			isa = PBXResourcesBuildPhase;
			buildActionMask = 2147483647;
			files = (
				A2E255AC1CA50DB20083E26B /* LaunchScreen.storyboard in Resources */,
				A2E255A91CA50DB20083E26B /* Assets.xcassets in Resources */,
				A2E255A71CA50DB20083E26B /* Main.storyboard in Resources */,
			);
			runOnlyForDeploymentPostprocessing = 0;
		};
		A2E255B01CA50DB20083E26B /* Resources */ = {
			isa = PBXResourcesBuildPhase;
			buildActionMask = 2147483647;
			files = (
			);
			runOnlyForDeploymentPostprocessing = 0;
		};
		A2E255BB1CA50DB20083E26B /* Resources */ = {
			isa = PBXResourcesBuildPhase;
			buildActionMask = 2147483647;
			files = (
			);
			runOnlyForDeploymentPostprocessing = 0;
		};
/* End PBXResourcesBuildPhase section */

/* Begin PBXShellScriptBuildPhase section */
		0976099D962900A4DEDC51F1 /* Copy Pods Resources */ = {
			isa = PBXShellScriptBuildPhase;
			buildActionMask = 2147483647;
			files = (
			);
			inputPaths = (
			);
			name = "Copy Pods Resources";
			outputPaths = (
			);
			runOnlyForDeploymentPostprocessing = 0;
			shellPath = /bin/sh;
			shellScript = "\"${SRCROOT}/Pods/Target Support Files/Pods/Pods-resources.sh\"\n";
			showEnvVarsInLog = 0;
		};
		CF0A4B6882F2E34C7BA667AD /* Check Pods Manifest.lock */ = {
			isa = PBXShellScriptBuildPhase;
			buildActionMask = 2147483647;
			files = (
			);
			inputPaths = (
			);
			name = "Check Pods Manifest.lock";
			outputPaths = (
			);
			runOnlyForDeploymentPostprocessing = 0;
			shellPath = /bin/sh;
			shellScript = "diff \"${PODS_ROOT}/../Podfile.lock\" \"${PODS_ROOT}/Manifest.lock\" > /dev/null\nif [[ $? != 0 ]] ; then\n    cat << EOM\nerror: The sandbox is not in sync with the Podfile.lock. Run 'pod install' or update your CocoaPods installation.\nEOM\n    exit 1\nfi\n";
			showEnvVarsInLog = 0;
		};
		E681A899D6F65459C00FA8F1 /* Embed Pods Frameworks */ = {
			isa = PBXShellScriptBuildPhase;
			buildActionMask = 2147483647;
			files = (
			);
			inputPaths = (
			);
			name = "Embed Pods Frameworks";
			outputPaths = (
			);
			runOnlyForDeploymentPostprocessing = 0;
			shellPath = /bin/sh;
			shellScript = "\"${SRCROOT}/Pods/Target Support Files/Pods/Pods-frameworks.sh\"\n";
			showEnvVarsInLog = 0;
		};
/* End PBXShellScriptBuildPhase section */

/* Begin PBXSourcesBuildPhase section */
		A2E255951CA50DB20083E26B /* Sources */ = {
			isa = PBXSourcesBuildPhase;
			buildActionMask = 2147483647;
			files = (
				A2E256471CA5166D0083E26B /* UIView+Extension.m in Sources */,
				A2E256461CA5166D0083E26B /* UIScreen+Extension.m in Sources */,
				A2E2564B1CA5166D0083E26B /* QRScanViewController.m in Sources */,
				A2E256531CA5166D0083E26B /* RSAViewController.m in Sources */,
				A2E256511CA5166D0083E26B /* CreateKey.m in Sources */,
				A2E256441CA5166D0083E26B /* KString.m in Sources */,
				A2E256541CA5166D0083E26B /* TextViewController.m in Sources */,
				A2E256431CA5166D0083E26B /* KeyCenter.m in Sources */,
				A2E2564C1CA5166D0083E26B /* QRView.m in Sources */,
				A2E2564F1CA5166D0083E26B /* NSString+Base64.m in Sources */,
				A2E256491CA5166D0083E26B /* AppDelegate.m in Sources */,
				A2E256451CA5166D0083E26B /* NSString+MD5.m in Sources */,
				A2E2564D1CA5166D0083E26B /* RefreshViewController.m in Sources */,
				A2E256421CA5166D0083E26B /* KAFN.m in Sources */,
				A2E2564A1CA5166D0083E26B /* main.m in Sources */,
				A2E256521CA5166D0083E26B /* LoginConfirmViewController.m in Sources */,
				A2E256501CA5166D0083E26B /* OpenSSLRSAWrapper.m in Sources */,
				A2E2564E1CA5166D0083E26B /* NSData+Base64.m in Sources */,
				A2E256481CA5166D0083E26B /* NavigationController.m in Sources */,
			);
			runOnlyForDeploymentPostprocessing = 0;
		};
		A2E255AE1CA50DB20083E26B /* Sources */ = {
			isa = PBXSourcesBuildPhase;
			buildActionMask = 2147483647;
			files = (
				A2E255B71CA50DB20083E26B /* TestTests.m in Sources */,
			);
			runOnlyForDeploymentPostprocessing = 0;
		};
		A2E255B91CA50DB20083E26B /* Sources */ = {
			isa = PBXSourcesBuildPhase;
			buildActionMask = 2147483647;
			files = (
				A2E255C21CA50DB20083E26B /* TestUITests.m in Sources */,
			);
			runOnlyForDeploymentPostprocessing = 0;
		};
/* End PBXSourcesBuildPhase section */

/* Begin PBXTargetDependency section */
		A2E255B41CA50DB20083E26B /* PBXTargetDependency */ = {
			isa = PBXTargetDependency;
			target = A2E255981CA50DB20083E26B /* Test */;
			targetProxy = A2E255B31CA50DB20083E26B /* PBXContainerItemProxy */;
		};
		A2E255BF1CA50DB20083E26B /* PBXTargetDependency */ = {
			isa = PBXTargetDependency;
			target = A2E255981CA50DB20083E26B /* Test */;
			targetProxy = A2E255BE1CA50DB20083E26B /* PBXContainerItemProxy */;
		};
/* End PBXTargetDependency section */

/* Begin PBXVariantGroup section */
		A2E255A51CA50DB20083E26B /* Main.storyboard */ = {
			isa = PBXVariantGroup;
			children = (
				A2E255A61CA50DB20083E26B /* Base */,
			);
			name = Main.storyboard;
			sourceTree = "<group>";
		};
		A2E255AA1CA50DB20083E26B /* LaunchScreen.storyboard */ = {
			isa = PBXVariantGroup;
			children = (
				A2E255AB1CA50DB20083E26B /* Base */,
			);
			name = LaunchScreen.storyboard;
			sourceTree = "<group>";
		};
/* End PBXVariantGroup section */

/* Begin XCBuildConfiguration section */
		A2E255C41CA50DB20083E26B /* Debug */ = {
			isa = XCBuildConfiguration;
			buildSettings = {
				ALWAYS_SEARCH_USER_PATHS = NO;
				CLANG_ANALYZER_NONNULL = YES;
				CLANG_CXX_LANGUAGE_STANDARD = "gnu++0x";
				CLANG_CXX_LIBRARY = "libc++";
				CLANG_ENABLE_MODULES = YES;
				CLANG_ENABLE_OBJC_ARC = YES;
				CLANG_WARN_BOOL_CONVERSION = YES;
				CLANG_WARN_CONSTANT_CONVERSION = YES;
				CLANG_WARN_DIRECT_OBJC_ISA_USAGE = YES_ERROR;
				CLANG_WARN_EMPTY_BODY = YES;
				CLANG_WARN_ENUM_CONVERSION = YES;
				CLANG_WARN_INT_CONVERSION = YES;
				CLANG_WARN_OBJC_ROOT_CLASS = YES_ERROR;
				CLANG_WARN_UNREACHABLE_CODE = YES;
				CLANG_WARN__DUPLICATE_METHOD_MATCH = YES;
				"CODE_SIGN_IDENTITY[sdk=iphoneos*]" = "iPhone Developer";
				COPY_PHASE_STRIP = NO;
				DEBUG_INFORMATION_FORMAT = dwarf;
				ENABLE_STRICT_OBJC_MSGSEND = YES;
				ENABLE_TESTABILITY = YES;
				GCC_C_LANGUAGE_STANDARD = gnu99;
				GCC_DYNAMIC_NO_PIC = NO;
				GCC_NO_COMMON_BLOCKS = YES;
				GCC_OPTIMIZATION_LEVEL = 0;
				GCC_PREPROCESSOR_DEFINITIONS = (
					"DEBUG=1",
					"$(inherited)",
				);
				GCC_WARN_64_TO_32_BIT_CONVERSION = YES;
				GCC_WARN_ABOUT_RETURN_TYPE = YES_ERROR;
				GCC_WARN_UNDECLARED_SELECTOR = YES;
				GCC_WARN_UNINITIALIZED_AUTOS = YES_AGGRESSIVE;
				GCC_WARN_UNUSED_FUNCTION = YES;
				GCC_WARN_UNUSED_VARIABLE = YES;
				IPHONEOS_DEPLOYMENT_TARGET = 9.3;
				MTL_ENABLE_DEBUG_INFO = YES;
				ONLY_ACTIVE_ARCH = YES;
				SDKROOT = iphoneos;
			};
			name = Debug;
		};
		A2E255C51CA50DB20083E26B /* Release */ = {
			isa = XCBuildConfiguration;
			buildSettings = {
				ALWAYS_SEARCH_USER_PATHS = NO;
				CLANG_ANALYZER_NONNULL = YES;
				CLANG_CXX_LANGUAGE_STANDARD = "gnu++0x";
				CLANG_CXX_LIBRARY = "libc++";
				CLANG_ENABLE_MODULES = YES;
				CLANG_ENABLE_OBJC_ARC = YES;
				CLANG_WARN_BOOL_CONVERSION = YES;
				CLANG_WARN_CONSTANT_CONVERSION = YES;
				CLANG_WARN_DIRECT_OBJC_ISA_USAGE = YES_ERROR;
				CLANG_WARN_EMPTY_BODY = YES;
				CLANG_WARN_ENUM_CONVERSION = YES;
				CLANG_WARN_INT_CONVERSION = YES;
				CLANG_WARN_OBJC_ROOT_CLASS = YES_ERROR;
				CLANG_WARN_UNREACHABLE_CODE = YES;
				CLANG_WARN__DUPLICATE_METHOD_MATCH = YES;
				"CODE_SIGN_IDENTITY[sdk=iphoneos*]" = "iPhone Developer";
				COPY_PHASE_STRIP = NO;
				DEBUG_INFORMATION_FORMAT = "dwarf-with-dsym";
				ENABLE_NS_ASSERTIONS = NO;
				ENABLE_STRICT_OBJC_MSGSEND = YES;
				GCC_C_LANGUAGE_STANDARD = gnu99;
				GCC_NO_COMMON_BLOCKS = YES;
				GCC_WARN_64_TO_32_BIT_CONVERSION = YES;
				GCC_WARN_ABOUT_RETURN_TYPE = YES_ERROR;
				GCC_WARN_UNDECLARED_SELECTOR = YES;
				GCC_WARN_UNINITIALIZED_AUTOS = YES_AGGRESSIVE;
				GCC_WARN_UNUSED_FUNCTION = YES;
				GCC_WARN_UNUSED_VARIABLE = YES;
				IPHONEOS_DEPLOYMENT_TARGET = 9.3;
				MTL_ENABLE_DEBUG_INFO = NO;
				SDKROOT = iphoneos;
				VALIDATE_PRODUCT = YES;
			};
			name = Release;
		};
		A2E255C71CA50DB20083E26B /* Debug */ = {
			isa = XCBuildConfiguration;
			baseConfigurationReference = D51FC20D620604AA10DEC25A /* Pods.debug.xcconfig */;
			buildSettings = {
				ASSETCATALOG_COMPILER_APPICON_NAME = AppIcon;
				GCC_PREFIX_HEADER = "$(SRCROOT)/Test/Test-Prefix.pch";
				INFOPLIST_FILE = Test/Info.plist;
				IPHONEOS_DEPLOYMENT_TARGET = 7.0;
				LD_RUNPATH_SEARCH_PATHS = "$(inherited) @executable_path/Frameworks";
				PRODUCT_BUNDLE_IDENTIFIER = com.stonete.Test;
				PRODUCT_NAME = "$(TARGET_NAME)";
			};
			name = Debug;
		};
		A2E255C81CA50DB20083E26B /* Release */ = {
			isa = XCBuildConfiguration;
			baseConfigurationReference = 3A45633158C04A654D4DCCC1 /* Pods.release.xcconfig */;
			buildSettings = {
				ASSETCATALOG_COMPILER_APPICON_NAME = AppIcon;
				GCC_PREFIX_HEADER = "$(SRCROOT)/Test/Test-Prefix.pch";
				INFOPLIST_FILE = Test/Info.plist;
				IPHONEOS_DEPLOYMENT_TARGET = 7.0;
				LD_RUNPATH_SEARCH_PATHS = "$(inherited) @executable_path/Frameworks";
				PRODUCT_BUNDLE_IDENTIFIER = com.stonete.Test;
				PRODUCT_NAME = "$(TARGET_NAME)";
			};
			name = Release;
		};
		A2E255CA1CA50DB20083E26B /* Debug */ = {
			isa = XCBuildConfiguration;
			buildSettings = {
				BUNDLE_LOADER = "$(TEST_HOST)";
				INFOPLIST_FILE = TestTests/Info.plist;
				LD_RUNPATH_SEARCH_PATHS = "$(inherited) @executable_path/Frameworks @loader_path/Frameworks";
				PRODUCT_BUNDLE_IDENTIFIER = com.stonete.TestTests;
				PRODUCT_NAME = "$(TARGET_NAME)";
				TEST_HOST = "$(BUILT_PRODUCTS_DIR)/Test.app/Test";
			};
			name = Debug;
		};
		A2E255CB1CA50DB20083E26B /* Release */ = {
			isa = XCBuildConfiguration;
			buildSettings = {
				BUNDLE_LOADER = "$(TEST_HOST)";
				INFOPLIST_FILE = TestTests/Info.plist;
				LD_RUNPATH_SEARCH_PATHS = "$(inherited) @executable_path/Frameworks @loader_path/Frameworks";
				PRODUCT_BUNDLE_IDENTIFIER = com.stonete.TestTests;
				PRODUCT_NAME = "$(TARGET_NAME)";
				TEST_HOST = "$(BUILT_PRODUCTS_DIR)/Test.app/Test";
			};
			name = Release;
		};
		A2E255CD1CA50DB20083E26B /* Debug */ = {
			isa = XCBuildConfiguration;
			buildSettings = {
				INFOPLIST_FILE = TestUITests/Info.plist;
				LD_RUNPATH_SEARCH_PATHS = "$(inherited) @executable_path/Frameworks @loader_path/Frameworks";
				PRODUCT_BUNDLE_IDENTIFIER = com.stonete.TestUITests;
				PRODUCT_NAME = "$(TARGET_NAME)";
				TEST_TARGET_NAME = Test;
			};
			name = Debug;
		};
		A2E255CE1CA50DB20083E26B /* Release */ = {
			isa = XCBuildConfiguration;
			buildSettings = {
				INFOPLIST_FILE = TestUITests/Info.plist;
				LD_RUNPATH_SEARCH_PATHS = "$(inherited) @executable_path/Frameworks @loader_path/Frameworks";
				PRODUCT_BUNDLE_IDENTIFIER = com.stonete.TestUITests;
				PRODUCT_NAME = "$(TARGET_NAME)";
				TEST_TARGET_NAME = Test;
			};
			name = Release;
		};
/* End XCBuildConfiguration section */

/* Begin XCConfigurationList section */
		A2E255941CA50DB20083E26B /* Build configuration list for PBXProject "Test" */ = {
			isa = XCConfigurationList;
			buildConfigurations = (
				A2E255C41CA50DB20083E26B /* Debug */,
				A2E255C51CA50DB20083E26B /* Release */,
			);
			defaultConfigurationIsVisible = 0;
			defaultConfigurationName = Release;
		};
		A2E255C61CA50DB20083E26B /* Build configuration list for PBXNativeTarget "Test" */ = {
			isa = XCConfigurationList;
			buildConfigurations = (
				A2E255C71CA50DB20083E26B /* Debug */,
				A2E255C81CA50DB20083E26B /* Release */,
			);
			defaultConfigurationIsVisible = 0;
			defaultConfigurationName = Release;
		};
		A2E255C91CA50DB20083E26B /* Build configuration list for PBXNativeTarget "TestTests" */ = {
			isa = XCConfigurationList;
			buildConfigurations = (
				A2E255CA1CA50DB20083E26B /* Debug */,
				A2E255CB1CA50DB20083E26B /* Release */,
			);
			defaultConfigurationIsVisible = 0;
			defaultConfigurationName = Release;
		};
		A2E255CC1CA50DB20083E26B /* Build configuration list for PBXNativeTarget "TestUITests" */ = {
			isa = XCConfigurationList;
			buildConfigurations = (
				A2E255CD1CA50DB20083E26B /* Debug */,
				A2E255CE1CA50DB20083E26B /* Release */,
			);
			defaultConfigurationIsVisible = 0;
			defaultConfigurationName = Release;
		};
/* End XCConfigurationList section */
	};
	rootObject = A2E255911CA50DB20083E26B /* Project object */;
}
